
Microsoft Visual Studio Solution File, Format Version 12.00
# Visual Studio Version 17
VisualStudioVersion = 17.7.34024.191
MinimumVisualStudioVersion = 10.0.40219.1
Project("{8BC9CEB8-8B4A-11D0-8D11-00A0C91BC942}") = "Laba 13.2.1", "Laba 13.2.1\Laba 13.2.1.vcxproj", "{62C883B1-272E-4AF8-984F-C978485A1C93}"
EndProject
Project("{8BC9CEB8-8B4A-11D0-8D11-00A0C91BC942}") = "UnitTest1", "UnitTest1\UnitTest1.vcxproj", "{9F106C6A-A9E0-41B6-94A4-34C952497FAA}"
EndProject
Global
	GlobalSection(SolutionConfigurationPlatforms) = preSolution
		Debug|x64 = Debug|x64
		Debug|x86 = Debug|x86
		Release|x64 = Release|x64
		Release|x86 = Release|x86
	EndGlobalSection
	GlobalSection(ProjectConfigurationPlatforms) = postSolution
		{62C883B1-272E-4AF8-984F-C978485A1C93}.Debug|x64.ActiveCfg = Debug|x64
		{62C883B1-272E-4AF8-984F-C978485A1C93}.Debug|x64.Build.0 = Debug|x64
		{62C883B1-272E-4AF8-984F-C978485A1C93}.Debug|x86.ActiveCfg = Debug|Win32
		{62C883B1-272E-4AF8-984F-C978485A1C93}.Debug|x86.Build.0 = Debug|Win32
		{62C883B1-272E-4AF8-984F-C978485A1C93}.Release|x64.ActiveCfg = Release|x64
		{62C883B1-272E-4AF8-984F-C978485A1C93}.Release|x64.Build.0 = Release|x64
		{62C883B1-272E-4AF8-984F-C978485A1C93}.Release|x86.ActiveCfg = Release|Win32
		{62C883B1-272E-4AF8-984F-C978485A1C93}.Release|x86.Build.0 = Release|Win32
		{9F106C6A-A9E0-41B6-94A4-34C952497FAA}.Debug|x64.ActiveCfg = Debug|x64
		{9F106C6A-A9E0-41B6-94A4-34C952497FAA}.Debug|x64.Build.0 = Debug|x64
		{9F106C6A-A9E0-41B6-94A4-34C952497FAA}.Debug|x86.ActiveCfg = Debug|Win32
		{9F106C6A-A9E0-41B6-94A4-34C952497FAA}.Debug|x86.Build.0 = Debug|Win32
		{9F106C6A-A9E0-41B6-94A4-34C952497FAA}.Release|x64.ActiveCfg = Release|x64
		{9F106C6A-A9E0-41B6-94A4-34C952497FAA}.Release|x64.Build.0 = Release|x64
		{9F106C6A-A9E0-41B6-94A4-34C952497FAA}.Release|x86.ActiveCfg = Release|Win32
		{9F106C6A-A9E0-41B6-94A4-34C952497FAA}.Release|x86.Build.0 = Release|Win32
	EndGlobalSection
	GlobalSection(SolutionProperties) = preSolution
		HideSolutionNode = FALSE
	EndGlobalSection
	GlobalSection(ExtensibilityGlobals) = postSolution
		SolutionGuid = {6FF60774-62F5-4139-900D-7782B6F472E3}
	EndGlobalSection
EndGlobal
